
Microsoft Visual Studio Solution File, Format Version 12.00
# Visual Studio Version 16
VisualStudioVersion = 16.0.30104.148
MinimumVisualStudioVersion = 10.0.40219.1
Project("{FAE04EC0-301F-11D3-BF4B-00C04F79EFBC}") = "InheritanceTask", "InheritanceTask\InheritanceTask.csproj", "{DA5C3AD4-B20A-4A9E-A981-8D8B8618A987}"
EndProject
Global
	GlobalSection(SolutionConfigurationPlatforms) = preSolution
		Debug|Any CPU = Debug|Any CPU
		Release|Any CPU = Release|Any CPU
	EndGlobalSection
	GlobalSection(ProjectConfigurationPlatforms) = postSolution
		{DA5C3AD4-B20A-4A9E-A981-8D8B8618A987}.Debug|Any CPU.ActiveCfg = Debug|Any CPU
		{DA5C3AD4-B20A-4A9E-A981-8D8B8618A987}.Debug|Any CPU.Build.0 = Debug|Any CPU
		{DA5C3AD4-B20A-4A9E-A981-8D8B8618A987}.Release|Any CPU.ActiveCfg = Release|Any CPU
		{DA5C3AD4-B20A-4A9E-A981-8D8B8618A987}.Release|Any CPU.Build.0 = Release|Any CPU
	EndGlobalSection
	GlobalSection(SolutionProperties) = preSolution
		HideSolutionNode = FALSE
	EndGlobalSection
	GlobalSection(ExtensibilityGlobals) = postSolution
		SolutionGuid = {E64855B3-1931-4073-A0BF-1F3D79F621DF}
	EndGlobalSection
EndGlobal
